schema: '2.0'
stages:
  ff_tiny_relu:
    cmd: python -m ff.quadratic
    deps:
    - path: common
      md5: fb01712c5f8788d450f7fcd33ae2af2a.dir
      size: 7176
      nfiles: 4
    - path: ff/quadratic.py
      md5: 1fae355a46be3b27492356dcad647fd4
      size: 636
    outs:
    - path: dvcanimations/ff_quadratic.gif
      md5: ad8500ae492b76fcc3653792b8628bbb
      size: 207024
  ff_dense_relu:
    cmd: python -m ff.cubic
    deps:
    - path: common
      md5: fb01712c5f8788d450f7fcd33ae2af2a.dir
      size: 7176
      nfiles: 4
    - path: ff/cubic.py
      md5: d2983c11f4579f2a7eac08897dbd245b
      size: 676
    outs:
    - path: dvcanimations/ff_cubic.gif
      md5: c7953a7b8832185dad9150129c3a1758
      size: 210067
  ff_quadratic:
    cmd: python -m ff.quadratic
    deps:
    - path: common
      md5: d9177bc1d71fc0d16d489ceb2e4f5181.dir
      size: 8844
      nfiles: 4
    - path: ff/quadratic.py
      md5: 576883fb93ee61ac8d7e7ac77e62e440
      size: 658
    outs:
    - path: dvcanimations/ff_quadratic.gif
      md5: 6a13062466df6122e557ad2896f0c5e5
      size: 196291
  ff_periodic:
    cmd: python -m ff.periodic
    deps:
    - path: common
      md5: d9177bc1d71fc0d16d489ceb2e4f5181.dir
      size: 8844
      nfiles: 4
    - path: ff/periodic.py
      md5: 283d97eba2ed63fd6d71dee221514f49
      size: 703
    outs:
    - path: dvcanimations/ff_periodic.gif
      md5: 8a0bfed24fb606e367a2cabb088012a4
      size: 220023
  ff_cubic:
    cmd: python -m ff.cubic
    deps:
    - path: common
      md5: d9177bc1d71fc0d16d489ceb2e4f5181.dir
      size: 8844
      nfiles: 4
    - path: ff/cubic.py
      md5: 35c593fe8cef0e11c923f5cac7e94144
      size: 691
    outs:
    - path: dvcanimations/ff_cubic.gif
      md5: 887860b3448ed37baa2b1a27fd2306ef
      size: 199326
  ff_skewed:
    cmd: python -m ff.skewed
    deps:
    - path: common
      md5: d9177bc1d71fc0d16d489ceb2e4f5181.dir
      size: 8844
      nfiles: 4
    - path: ff/skewed.py
      md5: 2012cae5df95df50ce57379bc44386a2
      size: 703
    outs:
    - path: dvcanimations/ff_skewed.gif
      md5: b72753afa54dc1f613c3dca3bc3adeed
      size: 403280
